
Microsoft Visual Studio Solution File, Format Version 12.00
# Visual Studio Version 17
VisualStudioVersion = 17.5.33502.453
MinimumVisualStudioVersion = 10.0.40219.1
Project("{9A19103F-16F7-4668-BE54-9A1E7A4F7556}") = "MiniGPT", "MiniGPT.csproj", "{4BDA49F9-DE0E-496E-A1AC-88328FE31F41}"
EndProject
Global
	GlobalSection(SolutionConfigurationPlatforms) = preSolution
		Debug|Any CPU = Debug|Any CPU
		Release|Any CPU = Release|Any CPU
	EndGlobalSection
	GlobalSection(ProjectConfigurationPlatforms) = postSolution
		{4BDA49F9-DE0E-496E-A1AC-88328FE31F41}.Debug|Any CPU.ActiveCfg = Debug|Any CPU
		{4BDA49F9-DE0E-496E-A1AC-88328FE31F41}.Debug|Any CPU.Build.0 = Debug|Any CPU
		{4BDA49F9-DE0E-496E-A1AC-88328FE31F41}.Release|Any CPU.ActiveCfg = Release|Any CPU
		{4BDA49F9-DE0E-496E-A1AC-88328FE31F41}.Release|Any CPU.Build.0 = Release|Any CPU
	EndGlobalSection
	GlobalSection(SolutionProperties) = preSolution
		HideSolutionNode = FALSE
	EndGlobalSection
	GlobalSection(ExtensibilityGlobals) = postSolution
		SolutionGuid = {A7AAD452-6559-4F48-8F6F-375FE142D724}
	EndGlobalSection
EndGlobal
